
Microsoft Visual Studio Solution File, Format Version 12.00
# Visual Studio 15
VisualStudioVersion = 15.0.26730.16
MinimumVisualStudioVersion = 10.0.40219.1
Project("{FAE04EC0-301F-11D3-BF4B-00C04F79EFBC}") = "TestStack", "TestStack\TestStack.csproj", "{2547665C-C78C-48D4-8B1B-8D7E4E9EDAAB}"
EndProject
Project("{FAE04EC0-301F-11D3-BF4B-00C04F79EFBC}") = "Stack", "Stack\Stack.csproj", "{FCBC8F84-18EE-411A-91BE-18D60B8B88FD}"
EndProject
Global
	GlobalSection(SolutionConfigurationPlatforms) = preSolution
		Debug|Any CPU = Debug|Any CPU
		Release|Any CPU = Release|Any CPU
	EndGlobalSection
	GlobalSection(ProjectConfigurationPlatforms) = postSolution
		{2547665C-C78C-48D4-8B1B-8D7E4E9EDAAB}.Debug|Any CPU.ActiveCfg = Debug|Any CPU
		{2547665C-C78C-48D4-8B1B-8D7E4E9EDAAB}.Debug|Any CPU.Build.0 = Debug|Any CPU
		{2547665C-C78C-48D4-8B1B-8D7E4E9EDAAB}.Release|Any CPU.ActiveCfg = Release|Any CPU
		{2547665C-C78C-48D4-8B1B-8D7E4E9EDAAB}.Release|Any CPU.Build.0 = Release|Any CPU
		{FCBC8F84-18EE-411A-91BE-18D60B8B88FD}.Debug|Any CPU.ActiveCfg = Debug|Any CPU
		{FCBC8F84-18EE-411A-91BE-18D60B8B88FD}.Debug|Any CPU.Build.0 = Debug|Any CPU
		{FCBC8F84-18EE-411A-91BE-18D60B8B88FD}.Release|Any CPU.ActiveCfg = Release|Any CPU
		{FCBC8F84-18EE-411A-91BE-18D60B8B88FD}.Release|Any CPU.Build.0 = Release|Any CPU
	EndGlobalSection
	GlobalSection(SolutionProperties) = preSolution
		HideSolutionNode = FALSE
	EndGlobalSection
	GlobalSection(ExtensibilityGlobals) = postSolution
		SolutionGuid = {2E619924-7105-49C3-8282-9D67E1183CCF}
	EndGlobalSection
EndGlobal
